PODS:
  - Alamofire (5.4.1)
  - lottie-ios (3.1.9)
  - SDWebImage (5.10.3):
    - SDWebImage/Core (= 5.10.3)
  - SDWebImage/Core (5.10.3)
  - SwiftLint (0.42.0)
  - SwiftyJSON (5.0.0)

DEPENDENCIES:
  - Alamofire
  - lottie-ios
  - SDWebImage
  - SwiftLint
  - SwiftyJSON

SPEC REPOS:
  trunk:
    - Alamofire
    - lottie-ios
    - SDWebImage
    - SwiftLint
    - SwiftyJSON

SPEC CHECKSUMS:
  Alamofire: 2291f7d21ca607c491dd17642e5d40fdcda0e65c
  lottie-ios: 3a3758ef5a008e762faec9c9d50a39842f26d124
  SDWebImage: e378178472b735e84b007bfb55514c97948a0598
  SwiftLint: 4fa9579c63416865179bc416f0a92d55f009600d
  SwiftyJSON: 36413e04c44ee145039d332b4f4e2d3e8d6c4db7

PODFILE CHECKSUM: c55fd5e82c5a9dbfdee5b85bca200a497a5b3e8f

COCOAPODS: 1.9.3
